PODS:
  - HandyJSON (5.0.2)
  - KakaJSON (1.1.2)
  - Kingfisher (5.15.6):
    - Kingfisher/Core (= 5.15.6)
  - Kingfisher/Core (5.15.6)
  - SnapKit (5.0.1)
  - YYKit (1.0.9):
    - YYKit/no-arc (= 1.0.9)
  - YYKit/no-arc (1.0.9)

DEPENDENCIES:
  - HandyJSON
  - KakaJSON
  - Kingfisher (= 5.15.6)
  - SnapKit (= 5.0.1)
  - YYKit

SPEC REPOS:
  trunk:
    - HandyJSON
    - KakaJSON
    - Kingfisher
    - SnapKit
    - YYKit

SPEC CHECKSUMS:
  HandyJSON: 9e4e236f5d2dbefad5155a77417bbea438201c03
  KakaJSON: cc5ff50a8c1cfbb09413db8496cb709a209e6137
  Kingfisher: b3554e7bf6106115b44e8795300bad580ef2fdc7
  SnapKit: 97b92857e3df3a0c71833cce143274bf6ef8e5eb
  YYKit: 7cda43304a8dc3696c449041e2cb3107b4e236e7

PODFILE CHECKSUM: d51bdf6fa74181f9235756fb839b9e1368919b2a

COCOAPODS: 1.9.3
